{
    "_meta": {
        "hash": {
            "sha256": "3fc370fa3f7bb048adfd94279cc5c20ad6c85de0854b1ad28d2c1d39e7c0764b"
        },
        "pipfile-spec": 6,
        "requires": {
            "python_version": "3.7"
        },
        "sources": [
            {
                "name": "pypi",
                "url": "https://pypi.python.org/simple",
                "verify_ssl": true
            }
        ]
    },
    "default": {
        "django": {
            "hashes": [
                "sha256:3d689905cd0635bbb33b87f9a5df7ca70a3db206faae4ec58cda5e7f5f47050d",
                "sha256:d6e6c5b25cb67f46afd7c82f536529b11981183423dad8932e15bce93d1a24f3"
            ],
            "index": "pypi",
            "version": "==1.10.1"
        },
        "pytz": {
            "hashes": [
                "sha256:a061aa0a9e06881eb8b3b2b43f05b9439d6583c206d0a6c340ff72a7b6669053",
                "sha256:ffb9ef1de172603304d9d2819af6f5ece76f2e85ec10692a524dd876e72bf277"
            ],
            "index": "pypi",
            "version": "==2018.5"
        }
    },
    "develop": {}
}
